
Microsoft Visual Studio Solution File, Format Version 12.00
# Visual Studio 15
VisualStudioVersion = 15.0.26621.2
MinimumVisualStudioVersion = 10.0.40219.1
Project("{FAE04EC0-301F-11D3-BF4B-00C04F79EFBC}") = "RedditPoller", "RedditPoller\RedditPoller.csproj", "{5F379686-4622-42F4-8737-4E33ED3326A9}"
EndProject
Global
	GlobalSection(SolutionConfigurationPlatforms) = preSolution
		Debug|Any CPU = Debug|Any CPU
		Release|Any CPU = Release|Any CPU
	EndGlobalSection
	GlobalSection(ProjectConfigurationPlatforms) = postSolution
		{5F379686-4622-42F4-8737-4E33ED3326A9}.Debug|Any CPU.ActiveCfg = Debug|Any CPU
		{5F379686-4622-42F4-8737-4E33ED3326A9}.Debug|Any CPU.Build.0 = Debug|Any CPU
		{5F379686-4622-42F4-8737-4E33ED3326A9}.Release|Any CPU.ActiveCfg = Release|Any CPU
		{5F379686-4622-42F4-8737-4E33ED3326A9}.Release|Any CPU.Build.0 = Release|Any CPU
	EndGlobalSection
	GlobalSection(SolutionProperties) = preSolution
		HideSolutionNode = FALSE
	EndGlobalSection
	GlobalSection(ExtensibilityGlobals) = postSolution
		SolutionGuid = {A933DC68-7D56-4FA5-A9D4-59010E493524}
	EndGlobalSection
EndGlobal
